
Microsoft Visual Studio Solution File, Format Version 12.00
# Visual Studio 15
Project("{FAE04EC0-301F-11D3-BF4B-00C04F79EFBC}") = "Unity.Timeline", "Unity.Timeline.csproj", "{8CC21CDD-5415-FB45-8290-85D38A967E18}"
EndProject
Project("{FAE04EC0-301F-11D3-BF4B-00C04F79EFBC}") = "VRC.ClientSim", "VRC.ClientSim.csproj", "{6094940B-78EC-D6FE-8F3D-1A79B0D30D54}"
EndProject
Project("{FAE04EC0-301F-11D3-BF4B-00C04F79EFBC}") = "Unity.Timeline.Editor", "Unity.Timeline.Editor.csproj", "{0AAFC66D-F4F5-35D3-73B0-7862D15A7573}"
EndProject
Project("{FAE04EC0-301F-11D3-BF4B-00C04F79EFBC}") = "Unity.TextMeshPro.Editor", "Unity.TextMeshPro.Editor.csproj", "{E6223985-1A9F-2ABE-D90E-E40643E17CDF}"
EndProject
Project("{FAE04EC0-301F-11D3-BF4B-00C04F79EFBC}") = "Unity.XR.Management", "Unity.XR.Management.csproj", "{1C38ADC2-4830-216C-43C5-E2AF22B0E58E}"
EndProject
Project("{FAE04EC0-301F-11D3-BF4B-00C04F79EFBC}") = "VRC.Udon.Serialization.OdinSerializer", "VRC.Udon.Serialization.OdinSerializer.csproj", "{089D3FA1-7200-B1A0-73D8-8AC94C41135D}"
EndProject
Project("{FAE04EC0-301F-11D3-BF4B-00C04F79EFBC}") = "UnityEditor.UI", "UnityEditor.UI.csproj", "{E5FA20A8-0FFC-2725-29C6-35B7DFAB8B09}"
EndProject
Project("{FAE04EC0-301F-11D3-BF4B-00C04F79EFBC}") = "Unity.InputSystem", "Unity.InputSystem.csproj", "{029A5295-7FBB-5266-2C40-6C1C32172B25}"
EndProject
Project("{FAE04EC0-301F-11D3-BF4B-00C04F79EFBC}") = "Unity.Mathematics", "Unity.Mathematics.csproj", "{74156115-C5AE-1C4A-821D-02C50A7C34FA}"
EndProject
Project("{FAE04EC0-301F-11D3-BF4B-00C04F79EFBC}") = "Cinemachine", "Cinemachine.csproj", "{532CF448-256D-1288-418B-CEB7050904A0}"
EndProject
Project("{FAE04EC0-301F-11D3-BF4B-00C04F79EFBC}") = "Unity.Collections", "Unity.Collections.csproj", "{146337FB-FAAD-F58F-216A-6BCF2F2527F3}"
EndProject
Project("{FAE04EC0-301F-11D3-BF4B-00C04F79EFBC}") = "UdonSharp.Editor", "UdonSharp.Editor.csproj", "{CADC46F8-8266-F2B8-52C0-F965F2E5393F}"
EndProject
Project("{FAE04EC0-301F-11D3-BF4B-00C04F79EFBC}") = "UnityEditor.TestRunner", "UnityEditor.TestRunner.csproj", "{7F410C94-BE78-E2AA-2C06-C426C08270FB}"
EndProject
Project("{FAE04EC0-301F-11D3-BF4B-00C04F79EFBC}") = "VRC.Udon.Editor", "VRC.Udon.Editor.csproj", "{BE8F3BBF-48DB-C337-B45A-02184DF69F38}"
EndProject
Project("{FAE04EC0-301F-11D3-BF4B-00C04F79EFBC}") = "VRC.SDKBase.Editor", "VRC.SDKBase.Editor.csproj", "{003EE527-B234-5219-231B-6D5EE45E51ED}"
EndProject
Project("{FAE04EC0-301F-11D3-BF4B-00C04F79EFBC}") = "UnityEngine.TestRunner", "UnityEngine.TestRunner.csproj", "{FE9474E5-8C56-A561-E54E-3D822066DDA9}"
EndProject
Project("{FAE04EC0-301F-11D3-BF4B-00C04F79EFBC}") = "VRC.Udon", "VRC.Udon.csproj", "{0D5E53C8-A08E-ED67-C0DD-1A4E7E2E2A8F}"
EndProject
Project("{FAE04EC0-301F-11D3-BF4B-00C04F79EFBC}") = "UniTask", "UniTask.csproj", "{518228F4-798D-4AF1-52A9-BE6D6FD99562}"
EndProject
Project("{FAE04EC0-301F-11D3-BF4B-00C04F79EFBC}") = "UniTask.Linq", "UniTask.Linq.csproj", "{8F2F0EA7-0F66-8356-0676-536C5BFCA74B}"
EndProject
Project("{FAE04EC0-301F-11D3-BF4B-00C04F79EFBC}") = "Unity.Burst", "Unity.Burst.csproj", "{1EA23AEB-4E06-1F41-45CA-96B8CD1CD9A3}"
EndProject
Project("{FAE04EC0-301F-11D3-BF4B-00C04F79EFBC}") = "Unity.XR.Oculus", "Unity.XR.Oculus.csproj", "{37326FEE-544E-F77A-77F8-818702ABDAA2}"
EndProject
Project("{FAE04EC0-301F-11D3-BF4B-00C04F79EFBC}") = "Unity.XR.Management.Editor", "Unity.XR.Management.Editor.csproj", "{129914F7-1173-8A4F-5FF9-1CED3723159E}"
EndProject
Project("{FAE04EC0-301F-11D3-BF4B-00C04F79EFBC}") = "VRC.SDKBase", "VRC.SDKBase.csproj", "{604376A3-AC6A-0603-0DD2-4C898835A891}"
EndProject
Project("{FAE04EC0-301F-11D3-BF4B-00C04F79EFBC}") = "UnityEngine.UI", "UnityEngine.UI.csproj", "{30039EE2-2DD7-A8C4-988B-99AED2130EA6}"
EndProject
Project("{FAE04EC0-301F-11D3-BF4B-00C04F79EFBC}") = "Unity.AI.Navigation.Editor", "Unity.AI.Navigation.Editor.csproj", "{74D5C8F0-02DA-C112-4CDE-F1A40BBB175B}"
EndProject
Project("{FAE04EC0-301F-11D3-BF4B-00C04F79EFBC}") = "VRC.ClientSim.Editor", "VRC.ClientSim.Editor.csproj", "{BD3A0A4F-1B67-0C7B-4632-25D23ADFD534}"
EndProject
Project("{FAE04EC0-301F-11D3-BF4B-00C04F79EFBC}") = "VRC.SDK3", "VRC.SDK3.csproj", "{8CADE6DB-0BAF-D7AB-7AFA-ADB75383EEBB}"
EndProject
Project("{FAE04EC0-301F-11D3-BF4B-00C04F79EFBC}") = "Unity.VisualStudio.Editor", "Unity.VisualStudio.Editor.csproj", "{3E12D2A6-1813-805D-191E-B02A2BB89166}"
EndProject
Project("{FAE04EC0-301F-11D3-BF4B-00C04F79EFBC}") = "Unity.XR.Oculus.Editor", "Unity.XR.Oculus.Editor.csproj", "{0970B07E-ACE2-008F-3CBF-2FB789FF4C3E}"
EndProject
Project("{FAE04EC0-301F-11D3-BF4B-00C04F79EFBC}") = "com.unity.cinemachine.editor", "com.unity.cinemachine.editor.csproj", "{BB1B032C-6E47-6A2D-4DA9-369F29C4ED00}"
EndProject
Project("{FAE04EC0-301F-11D3-BF4B-00C04F79EFBC}") = "VRC.SDK3.Editor", "VRC.SDK3.Editor.csproj", "{3EE8DAB7-853B-F0D5-02C6-0AE232A4B92F}"
EndProject
Project("{FAE04EC0-301F-11D3-BF4B-00C04F79EFBC}") = "UniTask.DOTween", "UniTask.DOTween.csproj", "{A283EF61-E190-DCCF-4E5E-15226D009FC7}"
EndProject
Project("{FAE04EC0-301F-11D3-BF4B-00C04F79EFBC}") = "Unity.Rider.Editor", "Unity.Rider.Editor.csproj", "{433CBD84-6380-C56D-A090-893ABD2188CC}"
EndProject
Project("{FAE04EC0-301F-11D3-BF4B-00C04F79EFBC}") = "Unity.Postprocessing.Runtime", "Unity.Postprocessing.Runtime.csproj", "{9EFA2D76-4D6A-DFEE-4F29-029B30280D11}"
EndProject
Project("{FAE04EC0-301F-11D3-BF4B-00C04F79EFBC}") = "Unity.AI.Navigation", "Unity.AI.Navigation.csproj", "{D2474A05-2FC2-F8AB-E650-12E97CF451CE}"
EndProject
Project("{FAE04EC0-301F-11D3-BF4B-00C04F79EFBC}") = "Unity.AI.Navigation.Editor.ConversionSystem", "Unity.AI.Navigation.Editor.ConversionSystem.csproj", "{4E1BEE32-F6EB-F2A7-4565-D79E19A38B58}"
EndProject
Project("{FAE04EC0-301F-11D3-BF4B-00C04F79EFBC}") = "UnityEditor.XR.LegacyInputHelpers", "UnityEditor.XR.LegacyInputHelpers.csproj", "{2F2951E7-8633-9A8C-8764-9E9C2A87640A}"
EndProject
Project("{FAE04EC0-301F-11D3-BF4B-00C04F79EFBC}") = "Unity.Burst.CodeGen", "Unity.Burst.CodeGen.csproj", "{5E0CA913-DF02-D59C-E5FA-47C0389A7286}"
EndProject
Project("{FAE04EC0-301F-11D3-BF4B-00C04F79EFBC}") = "UnityEditorTests", "UnityEditorTests.csproj", "{028CE458-AA5D-72DB-045B-002059ABC4CD}"
EndProject
Project("{FAE04EC0-301F-11D3-BF4B-00C04F79EFBC}") = "Unity.Postprocessing.Editor", "Unity.Postprocessing.Editor.csproj", "{12432C4D-0805-C9B4-7242-B06C409A7715}"
EndProject
Project("{FAE04EC0-301F-11D3-BF4B-00C04F79EFBC}") = "Unity.TextMeshPro", "Unity.TextMeshPro.csproj", "{0F8B8D5F-F805-9542-6A8E-66DAD46AFF7F}"
EndProject
Project("{FAE04EC0-301F-11D3-BF4B-00C04F79EFBC}") = "VRC.ExampleCentral.Editor", "VRC.ExampleCentral.Editor.csproj", "{EC64D12D-712E-45D2-7172-D256B9E71B69}"
EndProject
Project("{FAE04EC0-301F-11D3-BF4B-00C04F79EFBC}") = "Unity.VSCode.Editor", "Unity.VSCode.Editor.csproj", "{B93EDCE8-B39A-1073-01BB-1E8B28A663E0}"
EndProject
Project("{FAE04EC0-301F-11D3-BF4B-00C04F79EFBC}") = "Assembly-CSharp", "Assembly-CSharp.csproj", "{142C8F54-E30D-2AE6-47BA-D2E404E082CC}"
EndProject
Project("{FAE04EC0-301F-11D3-BF4B-00C04F79EFBC}") = "Unity.Burst.Editor", "Unity.Burst.Editor.csproj", "{A15B17F3-9AFA-B873-7B38-943EA620B199}"
EndProject
Project("{FAE04EC0-301F-11D3-BF4B-00C04F79EFBC}") = "Unity.Sysroot.Linux_x86_64", "Unity.Sysroot.Linux_x86_64.csproj", "{BE7886E6-DCB8-2FF9-118B-515CE9E1B979}"
EndProject
Project("{FAE04EC0-301F-11D3-BF4B-00C04F79EFBC}") = "Unity.AI.Navigation.Updater", "Unity.AI.Navigation.Updater.csproj", "{E181D930-D3E9-3534-29D1-7DB443953DEC}"
EndProject
Project("{FAE04EC0-301F-11D3-BF4B-00C04F79EFBC}") = "UnityEditor.SpatialTracking", "UnityEditor.SpatialTracking.csproj", "{697F3F37-E231-52E7-3C5B-2E0D454A902C}"
EndProject
Project("{FAE04EC0-301F-11D3-BF4B-00C04F79EFBC}") = "com.vrchat.core.vpm-resolver.Editor", "com.vrchat.core.vpm-resolver.Editor.csproj", "{15D923B4-FAB1-0FB8-C405-81B90A7AC5C5}"
EndProject
Project("{FAE04EC0-301F-11D3-BF4B-00C04F79EFBC}") = "VRC.SDKBase.Editor.ShaderStripping", "VRC.SDKBase.Editor.ShaderStripping.csproj", "{25EB5474-3552-7F8B-07DE-829787E4ACDD}"
EndProject
Project("{FAE04EC0-301F-11D3-BF4B-00C04F79EFBC}") = "com.dreadscripts.hierarchyplus.Editor", "com.dreadscripts.hierarchyplus.Editor.csproj", "{A3426528-AF1F-3098-0EC0-7B2C8841631B}"
EndProject
Project("{FAE04EC0-301F-11D3-BF4B-00C04F79EFBC}") = "UdonSharp.Runtime", "UdonSharp.Runtime.csproj", "{C7C01898-45CF-8D38-0474-E5B3476B0649}"
EndProject
Project("{FAE04EC0-301F-11D3-BF4B-00C04F79EFBC}") = "UnityEngine.SpatialTracking", "UnityEngine.SpatialTracking.csproj", "{27B6796A-5457-E026-8020-44939C60F833}"
EndProject
Project("{FAE04EC0-301F-11D3-BF4B-00C04F79EFBC}") = "UniTask.Editor", "UniTask.Editor.csproj", "{CCE1265E-41D6-D345-35C2-0C080AADD2C8}"
EndProject
Project("{FAE04EC0-301F-11D3-BF4B-00C04F79EFBC}") = "Unity.InputSystem.ForUI", "Unity.InputSystem.ForUI.csproj", "{20C99A0B-2DC0-C5DB-88F9-68BF8E04BCD7}"
EndProject
Project("{FAE04EC0-301F-11D3-BF4B-00C04F79EFBC}") = "Unity.Collections.CodeGen", "Unity.Collections.CodeGen.csproj", "{BCD907FA-C5C3-1CEB-CC29-C3B4883E4ACD}"
EndProject
Project("{FAE04EC0-301F-11D3-BF4B-00C04F79EFBC}") = "Unity.Mathematics.Editor", "Unity.Mathematics.Editor.csproj", "{9E7CF2FE-F19F-3761-03C0-A869AC44A1FC}"
EndProject
Project("{FAE04EC0-301F-11D3-BF4B-00C04F79EFBC}") = "UdonSharp.Lib", "UdonSharp.Lib.csproj", "{E555EC3A-CD65-E05D-AA54-937C5F3EA435}"
EndProject
Project("{FAE04EC0-301F-11D3-BF4B-00C04F79EFBC}") = "VRC.SDKBase.Editor.BuildPipeline", "VRC.SDKBase.Editor.BuildPipeline.csproj", "{54C7026B-09B9-479B-7207-7AE05BF929B8}"
EndProject
Project("{FAE04EC0-301F-11D3-BF4B-00C04F79EFBC}") = "Unity.Collections.Editor", "Unity.Collections.Editor.csproj", "{1DC55411-7EB3-0519-CC64-3CD775FCF074}"
EndProject
Project("{FAE04EC0-301F-11D3-BF4B-00C04F79EFBC}") = "Unity.SysrootPackage.Editor", "Unity.SysrootPackage.Editor.csproj", "{2ABED444-86EB-1248-5827-28074D9A180D}"
EndProject
Project("{FAE04EC0-301F-11D3-BF4B-00C04F79EFBC}") = "Unity.InputSystem.TestFramework", "Unity.InputSystem.TestFramework.csproj", "{5CD89C92-1C88-A01B-A332-31C7E9B2921F}"
EndProject
Project("{FAE04EC0-301F-11D3-BF4B-00C04F79EFBC}") = "UnityEngine.XR.LegacyInputHelpers", "UnityEngine.XR.LegacyInputHelpers.csproj", "{A08C1DBD-801C-AC80-5562-2E1096830D8E}"
EndProject
Project("{FAE04EC0-301F-11D3-BF4B-00C04F79EFBC}") = "UniTask.Addressables", "UniTask.Addressables.csproj", "{5FFD20C7-30B1-BA35-15D9-D02347C96175}"
EndProject
Project("{FAE04EC0-301F-11D3-BF4B-00C04F79EFBC}") = "Unity.Toolchain.Win-x86_64-Linux-x86_64", "Unity.Toolchain.Win-x86_64-Linux-x86_64.csproj", "{7D721F63-F2EB-0D41-A538-4B9C06D04CA3}"
EndProject
Project("{FAE04EC0-301F-11D3-BF4B-00C04F79EFBC}") = "UniTask.TextMeshPro", "UniTask.TextMeshPro.csproj", "{C783EBC4-0484-A37A-02A5-961033B95077}"
EndProject
Global
	GlobalSection(SolutionConfigurationPlatforms) = preSolution
		Debug|Any CPU = Debug|Any CPU
		Release|Any CPU = Release|Any CPU
	EndGlobalSection
	GlobalSection(ProjectConfigurationPlatforms) = postSolution
		{8CC21CDD-5415-FB45-8290-85D38A967E18}.Debug|Any CPU.ActiveCfg = Debug|Any CPU
		{8CC21CDD-5415-FB45-8290-85D38A967E18}.Debug|Any CPU.Build.0 = Debug|Any CPU
		{8CC21CDD-5415-FB45-8290-85D38A967E18}.Release|Any CPU.ActiveCfg = Release|Any CPU
		{8CC21CDD-5415-FB45-8290-85D38A967E18}.Release|Any CPU.Build.0 = Release|Any CPU
		{6094940B-78EC-D6FE-8F3D-1A79B0D30D54}.Debug|Any CPU.ActiveCfg = Debug|Any CPU
		{6094940B-78EC-D6FE-8F3D-1A79B0D30D54}.Debug|Any CPU.Build.0 = Debug|Any CPU
		{6094940B-78EC-D6FE-8F3D-1A79B0D30D54}.Release|Any CPU.ActiveCfg = Release|Any CPU
		{6094940B-78EC-D6FE-8F3D-1A79B0D30D54}.Release|Any CPU.Build.0 = Release|Any CPU
		{0AAFC66D-F4F5-35D3-73B0-7862D15A7573}.Debug|Any CPU.ActiveCfg = Debug|Any CPU
		{0AAFC66D-F4F5-35D3-73B0-7862D15A7573}.Debug|Any CPU.Build.0 = Debug|Any CPU
		{0AAFC66D-F4F5-35D3-73B0-7862D15A7573}.Release|Any CPU.ActiveCfg = Release|Any CPU
		{0AAFC66D-F4F5-35D3-73B0-7862D15A7573}.Release|Any CPU.Build.0 = Release|Any CPU
		{E6223985-1A9F-2ABE-D90E-E40643E17CDF}.Debug|Any CPU.ActiveCfg = Debug|Any CPU
		{E6223985-1A9F-2ABE-D90E-E40643E17CDF}.Debug|Any CPU.Build.0 = Debug|Any CPU
		{E6223985-1A9F-2ABE-D90E-E40643E17CDF}.Release|Any CPU.ActiveCfg = Release|Any CPU
		{E6223985-1A9F-2ABE-D90E-E40643E17CDF}.Release|Any CPU.Build.0 = Release|Any CPU
		{1C38ADC2-4830-216C-43C5-E2AF22B0E58E}.Debug|Any CPU.ActiveCfg = Debug|Any CPU
		{1C38ADC2-4830-216C-43C5-E2AF22B0E58E}.Debug|Any CPU.Build.0 = Debug|Any CPU
		{1C38ADC2-4830-216C-43C5-E2AF22B0E58E}.Release|Any CPU.ActiveCfg = Release|Any CPU
		{1C38ADC2-4830-216C-43C5-E2AF22B0E58E}.Release|Any CPU.Build.0 = Release|Any CPU
		{089D3FA1-7200-B1A0-73D8-8AC94C41135D}.Debug|Any CPU.ActiveCfg = Debug|Any CPU
		{089D3FA1-7200-B1A0-73D8-8AC94C41135D}.Debug|Any CPU.Build.0 = Debug|Any CPU
		{089D3FA1-7200-B1A0-73D8-8AC94C41135D}.Release|Any CPU.ActiveCfg = Release|Any CPU
		{089D3FA1-7200-B1A0-73D8-8AC94C41135D}.Release|Any CPU.Build.0 = Release|Any CPU
		{E5FA20A8-0FFC-2725-29C6-35B7DFAB8B09}.Debug|Any CPU.ActiveCfg = Debug|Any CPU
		{E5FA20A8-0FFC-2725-29C6-35B7DFAB8B09}.Debug|Any CPU.Build.0 = Debug|Any CPU
		{E5FA20A8-0FFC-2725-29C6-35B7DFAB8B09}.Release|Any CPU.ActiveCfg = Release|Any CPU
		{E5FA20A8-0FFC-2725-29C6-35B7DFAB8B09}.Release|Any CPU.Build.0 = Release|Any CPU
		{029A5295-7FBB-5266-2C40-6C1C32172B25}.Debug|Any CPU.ActiveCfg = Debug|Any CPU
		{029A5295-7FBB-5266-2C40-6C1C32172B25}.Debug|Any CPU.Build.0 = Debug|Any CPU
		{029A5295-7FBB-5266-2C40-6C1C32172B25}.Release|Any CPU.ActiveCfg = Release|Any CPU
		{029A5295-7FBB-5266-2C40-6C1C32172B25}.Release|Any CPU.Build.0 = Release|Any CPU
		{74156115-C5AE-1C4A-821D-02C50A7C34FA}.Debug|Any CPU.ActiveCfg = Debug|Any CPU
		{74156115-C5AE-1C4A-821D-02C50A7C34FA}.Debug|Any CPU.Build.0 = Debug|Any CPU
		{74156115-C5AE-1C4A-821D-02C50A7C34FA}.Release|Any CPU.ActiveCfg = Release|Any CPU
		{74156115-C5AE-1C4A-821D-02C50A7C34FA}.Release|Any CPU.Build.0 = Release|Any CPU
		{532CF448-256D-1288-418B-CEB7050904A0}.Debug|Any CPU.ActiveCfg = Debug|Any CPU
		{532CF448-256D-1288-418B-CEB7050904A0}.Debug|Any CPU.Build.0 = Debug|Any CPU
		{532CF448-256D-1288-418B-CEB7050904A0}.Release|Any CPU.ActiveCfg = Release|Any CPU
		{532CF448-256D-1288-418B-CEB7050904A0}.Release|Any CPU.Build.0 = Release|Any CPU
		{146337FB-FAAD-F58F-216A-6BCF2F2527F3}.Debug|Any CPU.ActiveCfg = Debug|Any CPU
		{146337FB-FAAD-F58F-216A-6BCF2F2527F3}.Debug|Any CPU.Build.0 = Debug|Any CPU
		{146337FB-FAAD-F58F-216A-6BCF2F2527F3}.Release|Any CPU.ActiveCfg = Release|Any CPU
		{146337FB-FAAD-F58F-216A-6BCF2F2527F3}.Release|Any CPU.Build.0 = Release|Any CPU
		{CADC46F8-8266-F2B8-52C0-F965F2E5393F}.Debug|Any CPU.ActiveCfg = Debug|Any CPU
		{CADC46F8-8266-F2B8-52C0-F965F2E5393F}.Debug|Any CPU.Build.0 = Debug|Any CPU
		{CADC46F8-8266-F2B8-52C0-F965F2E5393F}.Release|Any CPU.ActiveCfg = Release|Any CPU
		{CADC46F8-8266-F2B8-52C0-F965F2E5393F}.Release|Any CPU.Build.0 = Release|Any CPU
		{7F410C94-BE78-E2AA-2C06-C426C08270FB}.Debug|Any CPU.ActiveCfg = Debug|Any CPU
		{7F410C94-BE78-E2AA-2C06-C426C08270FB}.Debug|Any CPU.Build.0 = Debug|Any CPU
		{7F410C94-BE78-E2AA-2C06-C426C08270FB}.Release|Any CPU.ActiveCfg = Release|Any CPU
		{7F410C94-BE78-E2AA-2C06-C426C08270FB}.Release|Any CPU.Build.0 = Release|Any CPU
		{BE8F3BBF-48DB-C337-B45A-02184DF69F38}.Debug|Any CPU.ActiveCfg = Debug|Any CPU
		{BE8F3BBF-48DB-C337-B45A-02184DF69F38}.Debug|Any CPU.Build.0 = Debug|Any CPU
		{BE8F3BBF-48DB-C337-B45A-02184DF69F38}.Release|Any CPU.ActiveCfg = Release|Any CPU
		{BE8F3BBF-48DB-C337-B45A-02184DF69F38}.Release|Any CPU.Build.0 = Release|Any CPU
		{003EE527-B234-5219-231B-6D5EE45E51ED}.Debug|Any CPU.ActiveCfg = Debug|Any CPU
		{003EE527-B234-5219-231B-6D5EE45E51ED}.Debug|Any CPU.Build.0 = Debug|Any CPU
		{003EE527-B234-5219-231B-6D5EE45E51ED}.Release|Any CPU.ActiveCfg = Release|Any CPU
		{003EE527-B234-5219-231B-6D5EE45E51ED}.Release|Any CPU.Build.0 = Release|Any CPU
		{FE9474E5-8C56-A561-E54E-3D822066DDA9}.Debug|Any CPU.ActiveCfg = Debug|Any CPU
		{FE9474E5-8C56-A561-E54E-3D822066DDA9}.Debug|Any CPU.Build.0 = Debug|Any CPU
		{FE9474E5-8C56-A561-E54E-3D822066DDA9}.Release|Any CPU.ActiveCfg = Release|Any CPU
		{FE9474E5-8C56-A561-E54E-3D822066DDA9}.Release|Any CPU.Build.0 = Release|Any CPU
		{0D5E53C8-A08E-ED67-C0DD-1A4E7E2E2A8F}.Debug|Any CPU.ActiveCfg = Debug|Any CPU
		{0D5E53C8-A08E-ED67-C0DD-1A4E7E2E2A8F}.Debug|Any CPU.Build.0 = Debug|Any CPU
		{0D5E53C8-A08E-ED67-C0DD-1A4E7E2E2A8F}.Release|Any CPU.ActiveCfg = Release|Any CPU
		{0D5E53C8-A08E-ED67-C0DD-1A4E7E2E2A8F}.Release|Any CPU.Build.0 = Release|Any CPU
		{518228F4-798D-4AF1-52A9-BE6D6FD99562}.Debug|Any CPU.ActiveCfg = Debug|Any CPU
		{518228F4-798D-4AF1-52A9-BE6D6FD99562}.Debug|Any CPU.Build.0 = Debug|Any CPU
		{518228F4-798D-4AF1-52A9-BE6D6FD99562}.Release|Any CPU.ActiveCfg = Release|Any CPU
		{518228F4-798D-4AF1-52A9-BE6D6FD99562}.Release|Any CPU.Build.0 = Release|Any CPU
		{8F2F0EA7-0F66-8356-0676-536C5BFCA74B}.Debug|Any CPU.ActiveCfg = Debug|Any CPU
		{8F2F0EA7-0F66-8356-0676-536C5BFCA74B}.Debug|Any CPU.Build.0 = Debug|Any CPU
		{8F2F0EA7-0F66-8356-0676-536C5BFCA74B}.Release|Any CPU.ActiveCfg = Release|Any CPU
		{8F2F0EA7-0F66-8356-0676-536C5BFCA74B}.Release|Any CPU.Build.0 = Release|Any CPU
		{1EA23AEB-4E06-1F41-45CA-96B8CD1CD9A3}.Debug|Any CPU.ActiveCfg = Debug|Any CPU
		{1EA23AEB-4E06-1F41-45CA-96B8CD1CD9A3}.Debug|Any CPU.Build.0 = Debug|Any CPU
		{1EA23AEB-4E06-1F41-45CA-96B8CD1CD9A3}.Release|Any CPU.ActiveCfg = Release|Any CPU
		{1EA23AEB-4E06-1F41-45CA-96B8CD1CD9A3}.Release|Any CPU.Build.0 = Release|Any CPU
		{37326FEE-544E-F77A-77F8-818702ABDAA2}.Debug|Any CPU.ActiveCfg = Debug|Any CPU
		{37326FEE-544E-F77A-77F8-818702ABDAA2}.Debug|Any CPU.Build.0 = Debug|Any CPU
		{37326FEE-544E-F77A-77F8-818702ABDAA2}.Release|Any CPU.ActiveCfg = Release|Any CPU
		{37326FEE-544E-F77A-77F8-818702ABDAA2}.Release|Any CPU.Build.0 = Release|Any CPU
		{129914F7-1173-8A4F-5FF9-1CED3723159E}.Debug|Any CPU.ActiveCfg = Debug|Any CPU
		{129914F7-1173-8A4F-5FF9-1CED3723159E}.Debug|Any CPU.Build.0 = Debug|Any CPU
		{129914F7-1173-8A4F-5FF9-1CED3723159E}.Release|Any CPU.ActiveCfg = Release|Any CPU
		{129914F7-1173-8A4F-5FF9-1CED3723159E}.Release|Any CPU.Build.0 = Release|Any CPU
		{604376A3-AC6A-0603-0DD2-4C898835A891}.Debug|Any CPU.ActiveCfg = Debug|Any CPU
		{604376A3-AC6A-0603-0DD2-4C898835A891}.Debug|Any CPU.Build.0 = Debug|Any CPU
		{604376A3-AC6A-0603-0DD2-4C898835A891}.Release|Any CPU.ActiveCfg = Release|Any CPU
		{604376A3-AC6A-0603-0DD2-4C898835A891}.Release|Any CPU.Build.0 = Release|Any CPU
		{30039EE2-2DD7-A8C4-988B-99AED2130EA6}.Debug|Any CPU.ActiveCfg = Debug|Any CPU
		{30039EE2-2DD7-A8C4-988B-99AED2130EA6}.Debug|Any CPU.Build.0 = Debug|Any CPU
		{30039EE2-2DD7-A8C4-988B-99AED2130EA6}.Release|Any CPU.ActiveCfg = Release|Any CPU
		{30039EE2-2DD7-A8C4-988B-99AED2130EA6}.Release|Any CPU.Build.0 = Release|Any CPU
		{74D5C8F0-02DA-C112-4CDE-F1A40BBB175B}.Debug|Any CPU.ActiveCfg = Debug|Any CPU
		{74D5C8F0-02DA-C112-4CDE-F1A40BBB175B}.Debug|Any CPU.Build.0 = Debug|Any CPU
		{74D5C8F0-02DA-C112-4CDE-F1A40BBB175B}.Release|Any CPU.ActiveCfg = Release|Any CPU
		{74D5C8F0-02DA-C112-4CDE-F1A40BBB175B}.Release|Any CPU.Build.0 = Release|Any CPU
		{BD3A0A4F-1B67-0C7B-4632-25D23ADFD534}.Debug|Any CPU.ActiveCfg = Debug|Any CPU
		{BD3A0A4F-1B67-0C7B-4632-25D23ADFD534}.Debug|Any CPU.Build.0 = Debug|Any CPU
		{BD3A0A4F-1B67-0C7B-4632-25D23ADFD534}.Release|Any CPU.ActiveCfg = Release|Any CPU
		{BD3A0A4F-1B67-0C7B-4632-25D23ADFD534}.Release|Any CPU.Build.0 = Release|Any CPU
		{8CADE6DB-0BAF-D7AB-7AFA-ADB75383EEBB}.Debug|Any CPU.ActiveCfg = Debug|Any CPU
		{8CADE6DB-0BAF-D7AB-7AFA-ADB75383EEBB}.Debug|Any CPU.Build.0 = Debug|Any CPU
		{8CADE6DB-0BAF-D7AB-7AFA-ADB75383EEBB}.Release|Any CPU.ActiveCfg = Release|Any CPU
		{8CADE6DB-0BAF-D7AB-7AFA-ADB75383EEBB}.Release|Any CPU.Build.0 = Release|Any CPU
		{3E12D2A6-1813-805D-191E-B02A2BB89166}.Debug|Any CPU.ActiveCfg = Debug|Any CPU
		{3E12D2A6-1813-805D-191E-B02A2BB89166}.Debug|Any CPU.Build.0 = Debug|Any CPU
		{3E12D2A6-1813-805D-191E-B02A2BB89166}.Release|Any CPU.ActiveCfg = Release|Any CPU
		{3E12D2A6-1813-805D-191E-B02A2BB89166}.Release|Any CPU.Build.0 = Release|Any CPU
		{0970B07E-ACE2-008F-3CBF-2FB789FF4C3E}.Debug|Any CPU.ActiveCfg = Debug|Any CPU
		{0970B07E-ACE2-008F-3CBF-2FB789FF4C3E}.Debug|Any CPU.Build.0 = Debug|Any CPU
		{0970B07E-ACE2-008F-3CBF-2FB789FF4C3E}.Release|Any CPU.ActiveCfg = Release|Any CPU
		{0970B07E-ACE2-008F-3CBF-2FB789FF4C3E}.Release|Any CPU.Build.0 = Release|Any CPU
		{BB1B032C-6E47-6A2D-4DA9-369F29C4ED00}.Debug|Any CPU.ActiveCfg = Debug|Any CPU
		{BB1B032C-6E47-6A2D-4DA9-369F29C4ED00}.Debug|Any CPU.Build.0 = Debug|Any CPU
		{BB1B032C-6E47-6A2D-4DA9-369F29C4ED00}.Release|Any CPU.ActiveCfg = Release|Any CPU
		{BB1B032C-6E47-6A2D-4DA9-369F29C4ED00}.Release|Any CPU.Build.0 = Release|Any CPU
		{3EE8DAB7-853B-F0D5-02C6-0AE232A4B92F}.Debug|Any CPU.ActiveCfg = Debug|Any CPU
		{3EE8DAB7-853B-F0D5-02C6-0AE232A4B92F}.Debug|Any CPU.Build.0 = Debug|Any CPU
		{3EE8DAB7-853B-F0D5-02C6-0AE232A4B92F}.Release|Any CPU.ActiveCfg = Release|Any CPU
		{3EE8DAB7-853B-F0D5-02C6-0AE232A4B92F}.Release|Any CPU.Build.0 = Release|Any CPU
		{A283EF61-E190-DCCF-4E5E-15226D009FC7}.Debug|Any CPU.ActiveCfg = Debug|Any CPU
		{A283EF61-E190-DCCF-4E5E-15226D009FC7}.Debug|Any CPU.Build.0 = Debug|Any CPU
		{A283EF61-E190-DCCF-4E5E-15226D009FC7}.Release|Any CPU.ActiveCfg = Release|Any CPU
		{A283EF61-E190-DCCF-4E5E-15226D009FC7}.Release|Any CPU.Build.0 = Release|Any CPU
		{433CBD84-6380-C56D-A090-893ABD2188CC}.Debug|Any CPU.ActiveCfg = Debug|Any CPU
		{433CBD84-6380-C56D-A090-893ABD2188CC}.Debug|Any CPU.Build.0 = Debug|Any CPU
		{433CBD84-6380-C56D-A090-893ABD2188CC}.Release|Any CPU.ActiveCfg = Release|Any CPU
		{433CBD84-6380-C56D-A090-893ABD2188CC}.Release|Any CPU.Build.0 = Release|Any CPU
		{9EFA2D76-4D6A-DFEE-4F29-029B30280D11}.Debug|Any CPU.ActiveCfg = Debug|Any CPU
		{9EFA2D76-4D6A-DFEE-4F29-029B30280D11}.Debug|Any CPU.Build.0 = Debug|Any CPU
		{9EFA2D76-4D6A-DFEE-4F29-029B30280D11}.Release|Any CPU.ActiveCfg = Release|Any CPU
		{9EFA2D76-4D6A-DFEE-4F29-029B30280D11}.Release|Any CPU.Build.0 = Release|Any CPU
		{D2474A05-2FC2-F8AB-E650-12E97CF451CE}.Debug|Any CPU.ActiveCfg = Debug|Any CPU
		{D2474A05-2FC2-F8AB-E650-12E97CF451CE}.Debug|Any CPU.Build.0 = Debug|Any CPU
		{D2474A05-2FC2-F8AB-E650-12E97CF451CE}.Release|Any CPU.ActiveCfg = Release|Any CPU
		{D2474A05-2FC2-F8AB-E650-12E97CF451CE}.Release|Any CPU.Build.0 = Release|Any CPU
		{4E1BEE32-F6EB-F2A7-4565-D79E19A38B58}.Debug|Any CPU.ActiveCfg = Debug|Any CPU
		{4E1BEE32-F6EB-F2A7-4565-D79E19A38B58}.Debug|Any CPU.Build.0 = Debug|Any CPU
		{4E1BEE32-F6EB-F2A7-4565-D79E19A38B58}.Release|Any CPU.ActiveCfg = Release|Any CPU
		{4E1BEE32-F6EB-F2A7-4565-D79E19A38B58}.Release|Any CPU.Build.0 = Release|Any CPU
		{2F2951E7-8633-9A8C-8764-9E9C2A87640A}.Debug|Any CPU.ActiveCfg = Debug|Any CPU
		{2F2951E7-8633-9A8C-8764-9E9C2A87640A}.Debug|Any CPU.Build.0 = Debug|Any CPU
		{2F2951E7-8633-9A8C-8764-9E9C2A87640A}.Release|Any CPU.ActiveCfg = Release|Any CPU
		{2F2951E7-8633-9A8C-8764-9E9C2A87640A}.Release|Any CPU.Build.0 = Release|Any CPU
		{5E0CA913-DF02-D59C-E5FA-47C0389A7286}.Debug|Any CPU.ActiveCfg = Debug|Any CPU
		{5E0CA913-DF02-D59C-E5FA-47C0389A7286}.Debug|Any CPU.Build.0 = Debug|Any CPU
		{5E0CA913-DF02-D59C-E5FA-47C0389A7286}.Release|Any CPU.ActiveCfg = Release|Any CPU
		{5E0CA913-DF02-D59C-E5FA-47C0389A7286}.Release|Any CPU.Build.0 = Release|Any CPU
		{028CE458-AA5D-72DB-045B-002059ABC4CD}.Debug|Any CPU.ActiveCfg = Debug|Any CPU
		{028CE458-AA5D-72DB-045B-002059ABC4CD}.Debug|Any CPU.Build.0 = Debug|Any CPU
		{028CE458-AA5D-72DB-045B-002059ABC4CD}.Release|Any CPU.ActiveCfg = Release|Any CPU
		{028CE458-AA5D-72DB-045B-002059ABC4CD}.Release|Any CPU.Build.0 = Release|Any CPU
		{12432C4D-0805-C9B4-7242-B06C409A7715}.Debug|Any CPU.ActiveCfg = Debug|Any CPU
		{12432C4D-0805-C9B4-7242-B06C409A7715}.Debug|Any CPU.Build.0 = Debug|Any CPU
		{12432C4D-0805-C9B4-7242-B06C409A7715}.Release|Any CPU.ActiveCfg = Release|Any CPU
		{12432C4D-0805-C9B4-7242-B06C409A7715}.Release|Any CPU.Build.0 = Release|Any CPU
		{0F8B8D5F-F805-9542-6A8E-66DAD46AFF7F}.Debug|Any CPU.ActiveCfg = Debug|Any CPU
		{0F8B8D5F-F805-9542-6A8E-66DAD46AFF7F}.Debug|Any CPU.Build.0 = Debug|Any CPU
		{0F8B8D5F-F805-9542-6A8E-66DAD46AFF7F}.Release|Any CPU.ActiveCfg = Release|Any CPU
		{0F8B8D5F-F805-9542-6A8E-66DAD46AFF7F}.Release|Any CPU.Build.0 = Release|Any CPU
		{EC64D12D-712E-45D2-7172-D256B9E71B69}.Debug|Any CPU.ActiveCfg = Debug|Any CPU
		{EC64D12D-712E-45D2-7172-D256B9E71B69}.Debug|Any CPU.Build.0 = Debug|Any CPU
		{EC64D12D-712E-45D2-7172-D256B9E71B69}.Release|Any CPU.ActiveCfg = Release|Any CPU
		{EC64D12D-712E-45D2-7172-D256B9E71B69}.Release|Any CPU.Build.0 = Release|Any CPU
		{B93EDCE8-B39A-1073-01BB-1E8B28A663E0}.Debug|Any CPU.ActiveCfg = Debug|Any CPU
		{B93EDCE8-B39A-1073-01BB-1E8B28A663E0}.Debug|Any CPU.Build.0 = Debug|Any CPU
		{B93EDCE8-B39A-1073-01BB-1E8B28A663E0}.Release|Any CPU.ActiveCfg = Release|Any CPU
		{B93EDCE8-B39A-1073-01BB-1E8B28A663E0}.Release|Any CPU.Build.0 = Release|Any CPU
		{142C8F54-E30D-2AE6-47BA-D2E404E082CC}.Debug|Any CPU.ActiveCfg = Debug|Any CPU
		{142C8F54-E30D-2AE6-47BA-D2E404E082CC}.Debug|Any CPU.Build.0 = Debug|Any CPU
		{142C8F54-E30D-2AE6-47BA-D2E404E082CC}.Release|Any CPU.ActiveCfg = Release|Any CPU
		{142C8F54-E30D-2AE6-47BA-D2E404E082CC}.Release|Any CPU.Build.0 = Release|Any CPU
		{A15B17F3-9AFA-B873-7B38-943EA620B199}.Debug|Any CPU.ActiveCfg = Debug|Any CPU
		{A15B17F3-9AFA-B873-7B38-943EA620B199}.Debug|Any CPU.Build.0 = Debug|Any CPU
		{A15B17F3-9AFA-B873-7B38-943EA620B199}.Release|Any CPU.ActiveCfg = Release|Any CPU
		{A15B17F3-9AFA-B873-7B38-943EA620B199}.Release|Any CPU.Build.0 = Release|Any CPU
		{BE7886E6-DCB8-2FF9-118B-515CE9E1B979}.Debug|Any CPU.ActiveCfg = Debug|Any CPU
		{BE7886E6-DCB8-2FF9-118B-515CE9E1B979}.Debug|Any CPU.Build.0 = Debug|Any CPU
		{BE7886E6-DCB8-2FF9-118B-515CE9E1B979}.Release|Any CPU.ActiveCfg = Release|Any CPU
		{BE7886E6-DCB8-2FF9-118B-515CE9E1B979}.Release|Any CPU.Build.0 = Release|Any CPU
		{E181D930-D3E9-3534-29D1-7DB443953DEC}.Debug|Any CPU.ActiveCfg = Debug|Any CPU
		{E181D930-D3E9-3534-29D1-7DB443953DEC}.Debug|Any CPU.Build.0 = Debug|Any CPU
		{E181D930-D3E9-3534-29D1-7DB443953DEC}.Release|Any CPU.ActiveCfg = Release|Any CPU
		{E181D930-D3E9-3534-29D1-7DB443953DEC}.Release|Any CPU.Build.0 = Release|Any CPU
		{697F3F37-E231-52E7-3C5B-2E0D454A902C}.Debug|Any CPU.ActiveCfg = Debug|Any CPU
		{697F3F37-E231-52E7-3C5B-2E0D454A902C}.Debug|Any CPU.Build.0 = Debug|Any CPU
		{697F3F37-E231-52E7-3C5B-2E0D454A902C}.Release|Any CPU.ActiveCfg = Release|Any CPU
		{697F3F37-E231-52E7-3C5B-2E0D454A902C}.Release|Any CPU.Build.0 = Release|Any CPU
		{15D923B4-FAB1-0FB8-C405-81B90A7AC5C5}.Debug|Any CPU.ActiveCfg = Debug|Any CPU
		{15D923B4-FAB1-0FB8-C405-81B90A7AC5C5}.Debug|Any CPU.Build.0 = Debug|Any CPU
		{15D923B4-FAB1-0FB8-C405-81B90A7AC5C5}.Release|Any CPU.ActiveCfg = Release|Any CPU
		{15D923B4-FAB1-0FB8-C405-81B90A7AC5C5}.Release|Any CPU.Build.0 = Release|Any CPU
		{25EB5474-3552-7F8B-07DE-829787E4ACDD}.Debug|Any CPU.ActiveCfg = Debug|Any CPU
		{25EB5474-3552-7F8B-07DE-829787E4ACDD}.Debug|Any CPU.Build.0 = Debug|Any CPU
		{25EB5474-3552-7F8B-07DE-829787E4ACDD}.Release|Any CPU.ActiveCfg = Release|Any CPU
		{25EB5474-3552-7F8B-07DE-829787E4ACDD}.Release|Any CPU.Build.0 = Release|Any CPU
		{A3426528-AF1F-3098-0EC0-7B2C8841631B}.Debug|Any CPU.ActiveCfg = Debug|Any CPU
		{A3426528-AF1F-3098-0EC0-7B2C8841631B}.Debug|Any CPU.Build.0 = Debug|Any CPU
		{A3426528-AF1F-3098-0EC0-7B2C8841631B}.Release|Any CPU.ActiveCfg = Release|Any CPU
		{A3426528-AF1F-3098-0EC0-7B2C8841631B}.Release|Any CPU.Build.0 = Release|Any CPU
		{C7C01898-45CF-8D38-0474-E5B3476B0649}.Debug|Any CPU.ActiveCfg = Debug|Any CPU
		{C7C01898-45CF-8D38-0474-E5B3476B0649}.Debug|Any CPU.Build.0 = Debug|Any CPU
		{C7C01898-45CF-8D38-0474-E5B3476B0649}.Release|Any CPU.ActiveCfg = Release|Any CPU
		{C7C01898-45CF-8D38-0474-E5B3476B0649}.Release|Any CPU.Build.0 = Release|Any CPU
		{27B6796A-5457-E026-8020-44939C60F833}.Debug|Any CPU.ActiveCfg = Debug|Any CPU
		{27B6796A-5457-E026-8020-44939C60F833}.Debug|Any CPU.Build.0 = Debug|Any CPU
		{27B6796A-5457-E026-8020-44939C60F833}.Release|Any CPU.ActiveCfg = Release|Any CPU
		{27B6796A-5457-E026-8020-44939C60F833}.Release|Any CPU.Build.0 = Release|Any CPU
		{CCE1265E-41D6-D345-35C2-0C080AADD2C8}.Debug|Any CPU.ActiveCfg = Debug|Any CPU
		{CCE1265E-41D6-D345-35C2-0C080AADD2C8}.Debug|Any CPU.Build.0 = Debug|Any CPU
		{CCE1265E-41D6-D345-35C2-0C080AADD2C8}.Release|Any CPU.ActiveCfg = Release|Any CPU
		{CCE1265E-41D6-D345-35C2-0C080AADD2C8}.Release|Any CPU.Build.0 = Release|Any CPU
		{20C99A0B-2DC0-C5DB-88F9-68BF8E04BCD7}.Debug|Any CPU.ActiveCfg = Debug|Any CPU
		{20C99A0B-2DC0-C5DB-88F9-68BF8E04BCD7}.Debug|Any CPU.Build.0 = Debug|Any CPU
		{20C99A0B-2DC0-C5DB-88F9-68BF8E04BCD7}.Release|Any CPU.ActiveCfg = Release|Any CPU
		{20C99A0B-2DC0-C5DB-88F9-68BF8E04BCD7}.Release|Any CPU.Build.0 = Release|Any CPU
		{BCD907FA-C5C3-1CEB-CC29-C3B4883E4ACD}.Debug|Any CPU.ActiveCfg = Debug|Any CPU
		{BCD907FA-C5C3-1CEB-CC29-C3B4883E4ACD}.Debug|Any CPU.Build.0 = Debug|Any CPU
		{BCD907FA-C5C3-1CEB-CC29-C3B4883E4ACD}.Release|Any CPU.ActiveCfg = Release|Any CPU
		{BCD907FA-C5C3-1CEB-CC29-C3B4883E4ACD}.Release|Any CPU.Build.0 = Release|Any CPU
		{9E7CF2FE-F19F-3761-03C0-A869AC44A1FC}.Debug|Any CPU.ActiveCfg = Debug|Any CPU
		{9E7CF2FE-F19F-3761-03C0-A869AC44A1FC}.Debug|Any CPU.Build.0 = Debug|Any CPU
		{9E7CF2FE-F19F-3761-03C0-A869AC44A1FC}.Release|Any CPU.ActiveCfg = Release|Any CPU
		{9E7CF2FE-F19F-3761-03C0-A869AC44A1FC}.Release|Any CPU.Build.0 = Release|Any CPU
		{E555EC3A-CD65-E05D-AA54-937C5F3EA435}.Debug|Any CPU.ActiveCfg = Debug|Any CPU
		{E555EC3A-CD65-E05D-AA54-937C5F3EA435}.Debug|Any CPU.Build.0 = Debug|Any CPU
		{E555EC3A-CD65-E05D-AA54-937C5F3EA435}.Release|Any CPU.ActiveCfg = Release|Any CPU
		{E555EC3A-CD65-E05D-AA54-937C5F3EA435}.Release|Any CPU.Build.0 = Release|Any CPU
		{54C7026B-09B9-479B-7207-7AE05BF929B8}.Debug|Any CPU.ActiveCfg = Debug|Any CPU
		{54C7026B-09B9-479B-7207-7AE05BF929B8}.Debug|Any CPU.Build.0 = Debug|Any CPU
		{54C7026B-09B9-479B-7207-7AE05BF929B8}.Release|Any CPU.ActiveCfg = Release|Any CPU
		{54C7026B-09B9-479B-7207-7AE05BF929B8}.Release|Any CPU.Build.0 = Release|Any CPU
		{1DC55411-7EB3-0519-CC64-3CD775FCF074}.Debug|Any CPU.ActiveCfg = Debug|Any CPU
		{1DC55411-7EB3-0519-CC64-3CD775FCF074}.Debug|Any CPU.Build.0 = Debug|Any CPU
		{1DC55411-7EB3-0519-CC64-3CD775FCF074}.Release|Any CPU.ActiveCfg = Release|Any CPU
		{1DC55411-7EB3-0519-CC64-3CD775FCF074}.Release|Any CPU.Build.0 = Release|Any CPU
		{2ABED444-86EB-1248-5827-28074D9A180D}.Debug|Any CPU.ActiveCfg = Debug|Any CPU
		{2ABED444-86EB-1248-5827-28074D9A180D}.Debug|Any CPU.Build.0 = Debug|Any CPU
		{2ABED444-86EB-1248-5827-28074D9A180D}.Release|Any CPU.ActiveCfg = Release|Any CPU
		{2ABED444-86EB-1248-5827-28074D9A180D}.Release|Any CPU.Build.0 = Release|Any CPU
		{5CD89C92-1C88-A01B-A332-31C7E9B2921F}.Debug|Any CPU.ActiveCfg = Debug|Any CPU
		{5CD89C92-1C88-A01B-A332-31C7E9B2921F}.Debug|Any CPU.Build.0 = Debug|Any CPU
		{5CD89C92-1C88-A01B-A332-31C7E9B2921F}.Release|Any CPU.ActiveCfg = Release|Any CPU
		{5CD89C92-1C88-A01B-A332-31C7E9B2921F}.Release|Any CPU.Build.0 = Release|Any CPU
		{A08C1DBD-801C-AC80-5562-2E1096830D8E}.Debug|Any CPU.ActiveCfg = Debug|Any CPU
		{A08C1DBD-801C-AC80-5562-2E1096830D8E}.Debug|Any CPU.Build.0 = Debug|Any CPU
		{A08C1DBD-801C-AC80-5562-2E1096830D8E}.Release|Any CPU.ActiveCfg = Release|Any CPU
		{A08C1DBD-801C-AC80-5562-2E1096830D8E}.Release|Any CPU.Build.0 = Release|Any CPU
		{5FFD20C7-30B1-BA35-15D9-D02347C96175}.Debug|Any CPU.ActiveCfg = Debug|Any CPU
		{5FFD20C7-30B1-BA35-15D9-D02347C96175}.Debug|Any CPU.Build.0 = Debug|Any CPU
		{5FFD20C7-30B1-BA35-15D9-D02347C96175}.Release|Any CPU.ActiveCfg = Release|Any CPU
		{5FFD20C7-30B1-BA35-15D9-D02347C96175}.Release|Any CPU.Build.0 = Release|Any CPU
		{7D721F63-F2EB-0D41-A538-4B9C06D04CA3}.Debug|Any CPU.ActiveCfg = Debug|Any CPU
		{7D721F63-F2EB-0D41-A538-4B9C06D04CA3}.Debug|Any CPU.Build.0 = Debug|Any CPU
		{7D721F63-F2EB-0D41-A538-4B9C06D04CA3}.Release|Any CPU.ActiveCfg = Release|Any CPU
		{7D721F63-F2EB-0D41-A538-4B9C06D04CA3}.Release|Any CPU.Build.0 = Release|Any CPU
		{C783EBC4-0484-A37A-02A5-961033B95077}.Debug|Any CPU.ActiveCfg = Debug|Any CPU
		{C783EBC4-0484-A37A-02A5-961033B95077}.Debug|Any CPU.Build.0 = Debug|Any CPU
		{C783EBC4-0484-A37A-02A5-961033B95077}.Release|Any CPU.ActiveCfg = Release|Any CPU
		{C783EBC4-0484-A37A-02A5-961033B95077}.Release|Any CPU.Build.0 = Release|Any CPU
	EndGlobalSection
	GlobalSection(SolutionProperties) = preSolution
		HideSolutionNode = FALSE
	EndGlobalSection
EndGlobal
