
Microsoft Visual Studio Solution File, Format Version 12.00
# Visual Studio 15
Project("{FAE04EC0-301F-11D3-BF4B-00C04F79EFBC}") = "VRC.ClientSim", "VRC.ClientSim.csproj", "{6094940B-78EC-D6FE-8F3D-1A79B0D30D54}"
EndProject
Project("{FAE04EC0-301F-11D3-BF4B-00C04F79EFBC}") = "VRC.Udon.Serialization.OdinSerializer", "VRC.Udon.Serialization.OdinSerializer.csproj", "{089D3FA1-7200-B1A0-73D8-8AC94C41135D}"
EndProject
Project("{FAE04EC0-301F-11D3-BF4B-00C04F79EFBC}") = "UdonSharp.Editor", "UdonSharp.Editor.csproj", "{CADC46F8-8266-F2B8-52C0-F965F2E5393F}"
EndProject
Project("{FAE04EC0-301F-11D3-BF4B-00C04F79EFBC}") = "VRC.Udon.Editor", "VRC.Udon.Editor.csproj", "{BE8F3BBF-48DB-C337-B45A-02184DF69F38}"
EndProject
Project("{FAE04EC0-301F-11D3-BF4B-00C04F79EFBC}") = "VRC.SDKBase.Editor", "VRC.SDKBase.Editor.csproj", "{003EE527-B234-5219-231B-6D5EE45E51ED}"
EndProject
Project("{FAE04EC0-301F-11D3-BF4B-00C04F79EFBC}") = "VRC.Udon", "VRC.Udon.csproj", "{0D5E53C8-A08E-ED67-C0DD-1A4E7E2E2A8F}"
EndProject
Project("{FAE04EC0-301F-11D3-BF4B-00C04F79EFBC}") = "UniTask", "UniTask.csproj", "{518228F4-798D-4AF1-52A9-BE6D6FD99562}"
EndProject
Project("{FAE04EC0-301F-11D3-BF4B-00C04F79EFBC}") = "UniTask.Linq", "UniTask.Linq.csproj", "{8F2F0EA7-0F66-8356-0676-536C5BFCA74B}"
EndProject
Project("{FAE04EC0-301F-11D3-BF4B-00C04F79EFBC}") = "VRC.SDKBase", "VRC.SDKBase.csproj", "{604376A3-AC6A-0603-0DD2-4C898835A891}"
EndProject
Project("{FAE04EC0-301F-11D3-BF4B-00C04F79EFBC}") = "VRC.ClientSim.Editor", "VRC.ClientSim.Editor.csproj", "{BD3A0A4F-1B67-0C7B-4632-25D23ADFD534}"
EndProject
Project("{FAE04EC0-301F-11D3-BF4B-00C04F79EFBC}") = "VRC.SDK3", "VRC.SDK3.csproj", "{8CADE6DB-0BAF-D7AB-7AFA-ADB75383EEBB}"
EndProject
Project("{FAE04EC0-301F-11D3-BF4B-00C04F79EFBC}") = "VRC.SDK3.Editor", "VRC.SDK3.Editor.csproj", "{3EE8DAB7-853B-F0D5-02C6-0AE232A4B92F}"
EndProject
Project("{FAE04EC0-301F-11D3-BF4B-00C04F79EFBC}") = "UniTask.DOTween", "UniTask.DOTween.csproj", "{A283EF61-E190-DCCF-4E5E-15226D009FC7}"
EndProject
Project("{FAE04EC0-301F-11D3-BF4B-00C04F79EFBC}") = "Assembly-CSharp", "Assembly-CSharp.csproj", "{142C8F54-E30D-2AE6-47BA-D2E404E082CC}"
EndProject
Project("{FAE04EC0-301F-11D3-BF4B-00C04F79EFBC}") = "UnityEditorTests", "UnityEditorTests.csproj", "{028CE458-AA5D-72DB-045B-002059ABC4CD}"
EndProject
Project("{FAE04EC0-301F-11D3-BF4B-00C04F79EFBC}") = "VRC.ExampleCentral.Editor", "VRC.ExampleCentral.Editor.csproj", "{EC64D12D-712E-45D2-7172-D256B9E71B69}"
EndProject
Project("{FAE04EC0-301F-11D3-BF4B-00C04F79EFBC}") = "com.vrchat.core.vpm-resolver.Editor", "com.vrchat.core.vpm-resolver.Editor.csproj", "{15D923B4-FAB1-0FB8-C405-81B90A7AC5C5}"
EndProject
Project("{FAE04EC0-301F-11D3-BF4B-00C04F79EFBC}") = "VRC.SDKBase.Editor.ShaderStripping", "VRC.SDKBase.Editor.ShaderStripping.csproj", "{25EB5474-3552-7F8B-07DE-829787E4ACDD}"
EndProject
Project("{FAE04EC0-301F-11D3-BF4B-00C04F79EFBC}") = "com.dreadscripts.hierarchyplus.Editor", "com.dreadscripts.hierarchyplus.Editor.csproj", "{A3426528-AF1F-3098-0EC0-7B2C8841631B}"
EndProject
Project("{FAE04EC0-301F-11D3-BF4B-00C04F79EFBC}") = "UdonSharp.Runtime", "UdonSharp.Runtime.csproj", "{C7C01898-45CF-8D38-0474-E5B3476B0649}"
EndProject
Project("{FAE04EC0-301F-11D3-BF4B-00C04F79EFBC}") = "UniTask.Editor", "UniTask.Editor.csproj", "{CCE1265E-41D6-D345-35C2-0C080AADD2C8}"
EndProject
Project("{FAE04EC0-301F-11D3-BF4B-00C04F79EFBC}") = "UdonSharp.Lib", "UdonSharp.Lib.csproj", "{E555EC3A-CD65-E05D-AA54-937C5F3EA435}"
EndProject
Project("{FAE04EC0-301F-11D3-BF4B-00C04F79EFBC}") = "VRC.SDKBase.Editor.BuildPipeline", "VRC.SDKBase.Editor.BuildPipeline.csproj", "{54C7026B-09B9-479B-7207-7AE05BF929B8}"
EndProject
Project("{FAE04EC0-301F-11D3-BF4B-00C04F79EFBC}") = "Assembly-CSharp-Editor", "Assembly-CSharp-Editor.csproj", "{C120D542-8050-7C42-0793-21C1C808E06E}"
EndProject
Project("{FAE04EC0-301F-11D3-BF4B-00C04F79EFBC}") = "UniTask.Addressables", "UniTask.Addressables.csproj", "{5FFD20C7-30B1-BA35-15D9-D02347C96175}"
EndProject
Project("{FAE04EC0-301F-11D3-BF4B-00C04F79EFBC}") = "UniTask.TextMeshPro", "UniTask.TextMeshPro.csproj", "{C783EBC4-0484-A37A-02A5-961033B95077}"
EndProject
Global
	GlobalSection(SolutionConfigurationPlatforms) = preSolution
		Debug|Any CPU = Debug|Any CPU
		Release|Any CPU = Release|Any CPU
	EndGlobalSection
	GlobalSection(ProjectConfigurationPlatforms) = postSolution
		{6094940B-78EC-D6FE-8F3D-1A79B0D30D54}.Debug|Any CPU.ActiveCfg = Debug|Any CPU
		{6094940B-78EC-D6FE-8F3D-1A79B0D30D54}.Debug|Any CPU.Build.0 = Debug|Any CPU
		{6094940B-78EC-D6FE-8F3D-1A79B0D30D54}.Release|Any CPU.ActiveCfg = Release|Any CPU
		{6094940B-78EC-D6FE-8F3D-1A79B0D30D54}.Release|Any CPU.Build.0 = Release|Any CPU
		{089D3FA1-7200-B1A0-73D8-8AC94C41135D}.Debug|Any CPU.ActiveCfg = Debug|Any CPU
		{089D3FA1-7200-B1A0-73D8-8AC94C41135D}.Debug|Any CPU.Build.0 = Debug|Any CPU
		{089D3FA1-7200-B1A0-73D8-8AC94C41135D}.Release|Any CPU.ActiveCfg = Release|Any CPU
		{089D3FA1-7200-B1A0-73D8-8AC94C41135D}.Release|Any CPU.Build.0 = Release|Any CPU
		{CADC46F8-8266-F2B8-52C0-F965F2E5393F}.Debug|Any CPU.ActiveCfg = Debug|Any CPU
		{CADC46F8-8266-F2B8-52C0-F965F2E5393F}.Debug|Any CPU.Build.0 = Debug|Any CPU
		{CADC46F8-8266-F2B8-52C0-F965F2E5393F}.Release|Any CPU.ActiveCfg = Release|Any CPU
		{CADC46F8-8266-F2B8-52C0-F965F2E5393F}.Release|Any CPU.Build.0 = Release|Any CPU
		{BE8F3BBF-48DB-C337-B45A-02184DF69F38}.Debug|Any CPU.ActiveCfg = Debug|Any CPU
		{BE8F3BBF-48DB-C337-B45A-02184DF69F38}.Debug|Any CPU.Build.0 = Debug|Any CPU
		{BE8F3BBF-48DB-C337-B45A-02184DF69F38}.Release|Any CPU.ActiveCfg = Release|Any CPU
		{BE8F3BBF-48DB-C337-B45A-02184DF69F38}.Release|Any CPU.Build.0 = Release|Any CPU
		{003EE527-B234-5219-231B-6D5EE45E51ED}.Debug|Any CPU.ActiveCfg = Debug|Any CPU
		{003EE527-B234-5219-231B-6D5EE45E51ED}.Debug|Any CPU.Build.0 = Debug|Any CPU
		{003EE527-B234-5219-231B-6D5EE45E51ED}.Release|Any CPU.ActiveCfg = Release|Any CPU
		{003EE527-B234-5219-231B-6D5EE45E51ED}.Release|Any CPU.Build.0 = Release|Any CPU
		{0D5E53C8-A08E-ED67-C0DD-1A4E7E2E2A8F}.Debug|Any CPU.ActiveCfg = Debug|Any CPU
		{0D5E53C8-A08E-ED67-C0DD-1A4E7E2E2A8F}.Debug|Any CPU.Build.0 = Debug|Any CPU
		{0D5E53C8-A08E-ED67-C0DD-1A4E7E2E2A8F}.Release|Any CPU.ActiveCfg = Release|Any CPU
		{0D5E53C8-A08E-ED67-C0DD-1A4E7E2E2A8F}.Release|Any CPU.Build.0 = Release|Any CPU
		{518228F4-798D-4AF1-52A9-BE6D6FD99562}.Debug|Any CPU.ActiveCfg = Debug|Any CPU
		{518228F4-798D-4AF1-52A9-BE6D6FD99562}.Debug|Any CPU.Build.0 = Debug|Any CPU
		{518228F4-798D-4AF1-52A9-BE6D6FD99562}.Release|Any CPU.ActiveCfg = Release|Any CPU
		{518228F4-798D-4AF1-52A9-BE6D6FD99562}.Release|Any CPU.Build.0 = Release|Any CPU
		{8F2F0EA7-0F66-8356-0676-536C5BFCA74B}.Debug|Any CPU.ActiveCfg = Debug|Any CPU
		{8F2F0EA7-0F66-8356-0676-536C5BFCA74B}.Debug|Any CPU.Build.0 = Debug|Any CPU
		{8F2F0EA7-0F66-8356-0676-536C5BFCA74B}.Release|Any CPU.ActiveCfg = Release|Any CPU
		{8F2F0EA7-0F66-8356-0676-536C5BFCA74B}.Release|Any CPU.Build.0 = Release|Any CPU
		{604376A3-AC6A-0603-0DD2-4C898835A891}.Debug|Any CPU.ActiveCfg = Debug|Any CPU
		{604376A3-AC6A-0603-0DD2-4C898835A891}.Debug|Any CPU.Build.0 = Debug|Any CPU
		{604376A3-AC6A-0603-0DD2-4C898835A891}.Release|Any CPU.ActiveCfg = Release|Any CPU
		{604376A3-AC6A-0603-0DD2-4C898835A891}.Release|Any CPU.Build.0 = Release|Any CPU
		{BD3A0A4F-1B67-0C7B-4632-25D23ADFD534}.Debug|Any CPU.ActiveCfg = Debug|Any CPU
		{BD3A0A4F-1B67-0C7B-4632-25D23ADFD534}.Debug|Any CPU.Build.0 = Debug|Any CPU
		{BD3A0A4F-1B67-0C7B-4632-25D23ADFD534}.Release|Any CPU.ActiveCfg = Release|Any CPU
		{BD3A0A4F-1B67-0C7B-4632-25D23ADFD534}.Release|Any CPU.Build.0 = Release|Any CPU
		{8CADE6DB-0BAF-D7AB-7AFA-ADB75383EEBB}.Debug|Any CPU.ActiveCfg = Debug|Any CPU
		{8CADE6DB-0BAF-D7AB-7AFA-ADB75383EEBB}.Debug|Any CPU.Build.0 = Debug|Any CPU
		{8CADE6DB-0BAF-D7AB-7AFA-ADB75383EEBB}.Release|Any CPU.ActiveCfg = Release|Any CPU
		{8CADE6DB-0BAF-D7AB-7AFA-ADB75383EEBB}.Release|Any CPU.Build.0 = Release|Any CPU
		{3EE8DAB7-853B-F0D5-02C6-0AE232A4B92F}.Debug|Any CPU.ActiveCfg = Debug|Any CPU
		{3EE8DAB7-853B-F0D5-02C6-0AE232A4B92F}.Debug|Any CPU.Build.0 = Debug|Any CPU
		{3EE8DAB7-853B-F0D5-02C6-0AE232A4B92F}.Release|Any CPU.ActiveCfg = Release|Any CPU
		{3EE8DAB7-853B-F0D5-02C6-0AE232A4B92F}.Release|Any CPU.Build.0 = Release|Any CPU
		{A283EF61-E190-DCCF-4E5E-15226D009FC7}.Debug|Any CPU.ActiveCfg = Debug|Any CPU
		{A283EF61-E190-DCCF-4E5E-15226D009FC7}.Debug|Any CPU.Build.0 = Debug|Any CPU
		{A283EF61-E190-DCCF-4E5E-15226D009FC7}.Release|Any CPU.ActiveCfg = Release|Any CPU
		{A283EF61-E190-DCCF-4E5E-15226D009FC7}.Release|Any CPU.Build.0 = Release|Any CPU
		{142C8F54-E30D-2AE6-47BA-D2E404E082CC}.Debug|Any CPU.ActiveCfg = Debug|Any CPU
		{142C8F54-E30D-2AE6-47BA-D2E404E082CC}.Debug|Any CPU.Build.0 = Debug|Any CPU
		{142C8F54-E30D-2AE6-47BA-D2E404E082CC}.Release|Any CPU.ActiveCfg = Release|Any CPU
		{142C8F54-E30D-2AE6-47BA-D2E404E082CC}.Release|Any CPU.Build.0 = Release|Any CPU
		{028CE458-AA5D-72DB-045B-002059ABC4CD}.Debug|Any CPU.ActiveCfg = Debug|Any CPU
		{028CE458-AA5D-72DB-045B-002059ABC4CD}.Debug|Any CPU.Build.0 = Debug|Any CPU
		{028CE458-AA5D-72DB-045B-002059ABC4CD}.Release|Any CPU.ActiveCfg = Release|Any CPU
		{028CE458-AA5D-72DB-045B-002059ABC4CD}.Release|Any CPU.Build.0 = Release|Any CPU
		{EC64D12D-712E-45D2-7172-D256B9E71B69}.Debug|Any CPU.ActiveCfg = Debug|Any CPU
		{EC64D12D-712E-45D2-7172-D256B9E71B69}.Debug|Any CPU.Build.0 = Debug|Any CPU
		{EC64D12D-712E-45D2-7172-D256B9E71B69}.Release|Any CPU.ActiveCfg = Release|Any CPU
		{EC64D12D-712E-45D2-7172-D256B9E71B69}.Release|Any CPU.Build.0 = Release|Any CPU
		{15D923B4-FAB1-0FB8-C405-81B90A7AC5C5}.Debug|Any CPU.ActiveCfg = Debug|Any CPU
		{15D923B4-FAB1-0FB8-C405-81B90A7AC5C5}.Debug|Any CPU.Build.0 = Debug|Any CPU
		{15D923B4-FAB1-0FB8-C405-81B90A7AC5C5}.Release|Any CPU.ActiveCfg = Release|Any CPU
		{15D923B4-FAB1-0FB8-C405-81B90A7AC5C5}.Release|Any CPU.Build.0 = Release|Any CPU
		{25EB5474-3552-7F8B-07DE-829787E4ACDD}.Debug|Any CPU.ActiveCfg = Debug|Any CPU
		{25EB5474-3552-7F8B-07DE-829787E4ACDD}.Debug|Any CPU.Build.0 = Debug|Any CPU
		{25EB5474-3552-7F8B-07DE-829787E4ACDD}.Release|Any CPU.ActiveCfg = Release|Any CPU
		{25EB5474-3552-7F8B-07DE-829787E4ACDD}.Release|Any CPU.Build.0 = Release|Any CPU
		{A3426528-AF1F-3098-0EC0-7B2C8841631B}.Debug|Any CPU.ActiveCfg = Debug|Any CPU
		{A3426528-AF1F-3098-0EC0-7B2C8841631B}.Debug|Any CPU.Build.0 = Debug|Any CPU
		{A3426528-AF1F-3098-0EC0-7B2C8841631B}.Release|Any CPU.ActiveCfg = Release|Any CPU
		{A3426528-AF1F-3098-0EC0-7B2C8841631B}.Release|Any CPU.Build.0 = Release|Any CPU
		{C7C01898-45CF-8D38-0474-E5B3476B0649}.Debug|Any CPU.ActiveCfg = Debug|Any CPU
		{C7C01898-45CF-8D38-0474-E5B3476B0649}.Debug|Any CPU.Build.0 = Debug|Any CPU
		{C7C01898-45CF-8D38-0474-E5B3476B0649}.Release|Any CPU.ActiveCfg = Release|Any CPU
		{C7C01898-45CF-8D38-0474-E5B3476B0649}.Release|Any CPU.Build.0 = Release|Any CPU
		{CCE1265E-41D6-D345-35C2-0C080AADD2C8}.Debug|Any CPU.ActiveCfg = Debug|Any CPU
		{CCE1265E-41D6-D345-35C2-0C080AADD2C8}.Debug|Any CPU.Build.0 = Debug|Any CPU
		{CCE1265E-41D6-D345-35C2-0C080AADD2C8}.Release|Any CPU.ActiveCfg = Release|Any CPU
		{CCE1265E-41D6-D345-35C2-0C080AADD2C8}.Release|Any CPU.Build.0 = Release|Any CPU
		{E555EC3A-CD65-E05D-AA54-937C5F3EA435}.Debug|Any CPU.ActiveCfg = Debug|Any CPU
		{E555EC3A-CD65-E05D-AA54-937C5F3EA435}.Debug|Any CPU.Build.0 = Debug|Any CPU
		{E555EC3A-CD65-E05D-AA54-937C5F3EA435}.Release|Any CPU.ActiveCfg = Release|Any CPU
		{E555EC3A-CD65-E05D-AA54-937C5F3EA435}.Release|Any CPU.Build.0 = Release|Any CPU
		{54C7026B-09B9-479B-7207-7AE05BF929B8}.Debug|Any CPU.ActiveCfg = Debug|Any CPU
		{54C7026B-09B9-479B-7207-7AE05BF929B8}.Debug|Any CPU.Build.0 = Debug|Any CPU
		{54C7026B-09B9-479B-7207-7AE05BF929B8}.Release|Any CPU.ActiveCfg = Release|Any CPU
		{54C7026B-09B9-479B-7207-7AE05BF929B8}.Release|Any CPU.Build.0 = Release|Any CPU
		{C120D542-8050-7C42-0793-21C1C808E06E}.Debug|Any CPU.ActiveCfg = Debug|Any CPU
		{C120D542-8050-7C42-0793-21C1C808E06E}.Debug|Any CPU.Build.0 = Debug|Any CPU
		{C120D542-8050-7C42-0793-21C1C808E06E}.Release|Any CPU.ActiveCfg = Release|Any CPU
		{C120D542-8050-7C42-0793-21C1C808E06E}.Release|Any CPU.Build.0 = Release|Any CPU
		{5FFD20C7-30B1-BA35-15D9-D02347C96175}.Debug|Any CPU.ActiveCfg = Debug|Any CPU
		{5FFD20C7-30B1-BA35-15D9-D02347C96175}.Debug|Any CPU.Build.0 = Debug|Any CPU
		{5FFD20C7-30B1-BA35-15D9-D02347C96175}.Release|Any CPU.ActiveCfg = Release|Any CPU
		{5FFD20C7-30B1-BA35-15D9-D02347C96175}.Release|Any CPU.Build.0 = Release|Any CPU
		{C783EBC4-0484-A37A-02A5-961033B95077}.Debug|Any CPU.ActiveCfg = Debug|Any CPU
		{C783EBC4-0484-A37A-02A5-961033B95077}.Debug|Any CPU.Build.0 = Debug|Any CPU
		{C783EBC4-0484-A37A-02A5-961033B95077}.Release|Any CPU.ActiveCfg = Release|Any CPU
		{C783EBC4-0484-A37A-02A5-961033B95077}.Release|Any CPU.Build.0 = Release|Any CPU
	EndGlobalSection
	GlobalSection(SolutionProperties) = preSolution
		HideSolutionNode = FALSE
	EndGlobalSection
EndGlobal
